
Microsoft Visual Studio Solution File, Format Version 12.00
# Visual Studio Version 16
VisualStudioVersion = 16.0.30104.148
MinimumVisualStudioVersion = 10.0.40219.1
Project("{FAE04EC0-301F-11D3-BF4B-00C04F79EFBC}") = "BooksWork", "BooksWork\BooksWork.csproj", "{84F7F9CC-5AF6-402F-AC3B-EAC33DBD5B77}"
EndProject
Global
	GlobalSection(SolutionConfigurationPlatforms) = preSolution
		Debug|Any CPU = Debug|Any CPU
		Release|Any CPU = Release|Any CPU
	EndGlobalSection
	GlobalSection(ProjectConfigurationPlatforms) = postSolution
		{84F7F9CC-5AF6-402F-AC3B-EAC33DBD5B77}.Debug|Any CPU.ActiveCfg = Debug|Any CPU
		{84F7F9CC-5AF6-402F-AC3B-EAC33DBD5B77}.Debug|Any CPU.Build.0 = Debug|Any CPU
		{84F7F9CC-5AF6-402F-AC3B-EAC33DBD5B77}.Release|Any CPU.ActiveCfg = Release|Any CPU
		{84F7F9CC-5AF6-402F-AC3B-EAC33DBD5B77}.Release|Any CPU.Build.0 = Release|Any CPU
	EndGlobalSection
	GlobalSection(SolutionProperties) = preSolution
		HideSolutionNode = FALSE
	EndGlobalSection
	GlobalSection(ExtensibilityGlobals) = postSolution
		SolutionGuid = {6ADECF4B-1D5A-40CA-BE8E-A10FFF003F5A}
	EndGlobalSection
EndGlobal
